
Microsoft Visual Studio Solution File, Format Version 12.00
# Visual Studio Version 17
VisualStudioVersion = 17.10.34928.147
MinimumVisualStudioVersion = 10.0.40219.1
Project("{FAE04EC0-301F-11D3-BF4B-00C04F79EFBC}") = "Kasbotech_RandCandle", "Kasbotech_RandCandle\Kasbotech_RandCandle.csproj", "{41F14419-8FE7-4249-B71C-A51400A67889}"
EndProject
Global
	GlobalSection(SolutionConfigurationPlatforms) = preSolution
		Debug|Any CPU = Debug|Any CPU
		Release|Any CPU = Release|Any CPU
	EndGlobalSection
	GlobalSection(ProjectConfigurationPlatforms) = postSolution
		{41F14419-8FE7-4249-B71C-A51400A67889}.Debug|Any CPU.ActiveCfg = Debug|Any CPU
		{41F14419-8FE7-4249-B71C-A51400A67889}.Debug|Any CPU.Build.0 = Debug|Any CPU
		{41F14419-8FE7-4249-B71C-A51400A67889}.Release|Any CPU.ActiveCfg = Release|Any CPU
		{41F14419-8FE7-4249-B71C-A51400A67889}.Release|Any CPU.Build.0 = Release|Any CPU
	EndGlobalSection
	GlobalSection(SolutionProperties) = preSolution
		HideSolutionNode = FALSE
	EndGlobalSection
	GlobalSection(ExtensibilityGlobals) = postSolution
		SolutionGuid = {757CBFD7-C156-4954-8BE3-A701921F7A3B}
	EndGlobalSection
EndGlobal
